
Microsoft Visual Studio Solution File, Format Version 12.00
# Visual Studio 15
Project("{FAE04EC0-301F-11D3-BF4B-00C04F79EFBC}") = "Assembly-CSharp", "Assembly-CSharp.csproj", "{7149F6D5-6138-906F-F415-F01060AB5601}"
EndProject
Project("{FAE04EC0-301F-11D3-BF4B-00C04F79EFBC}") = "Assembly-CSharp-Editor", "Assembly-CSharp-Editor.csproj", "{FCCB2EA5-51BA-91DF-EEC5-A0AEF09C9C06}"
EndProject
Global
	GlobalSection(SolutionConfigurationPlatforms) = preSolution
		Debug|Any CPU = Debug|Any CPU
		Release|Any CPU = Release|Any CPU
	EndGlobalSection
	GlobalSection(ProjectConfigurationPlatforms) = postSolution
		{7149F6D5-6138-906F-F415-F01060AB5601}.Debug|Any CPU.ActiveCfg = Debug|Any CPU
		{7149F6D5-6138-906F-F415-F01060AB5601}.Debug|Any CPU.Build.0 = Debug|Any CPU
		{7149F6D5-6138-906F-F415-F01060AB5601}.Release|Any CPU.ActiveCfg = Release|Any CPU
		{7149F6D5-6138-906F-F415-F01060AB5601}.Release|Any CPU.Build.0 = Release|Any CPU
		{FCCB2EA5-51BA-91DF-EEC5-A0AEF09C9C06}.Debug|Any CPU.ActiveCfg = Debug|Any CPU
		{FCCB2EA5-51BA-91DF-EEC5-A0AEF09C9C06}.Debug|Any CPU.Build.0 = Debug|Any CPU
		{FCCB2EA5-51BA-91DF-EEC5-A0AEF09C9C06}.Release|Any CPU.ActiveCfg = Release|Any CPU
		{FCCB2EA5-51BA-91DF-EEC5-A0AEF09C9C06}.Release|Any CPU.Build.0 = Release|Any CPU
	EndGlobalSection
	GlobalSection(SolutionProperties) = preSolution
		HideSolutionNode = FALSE
	EndGlobalSection
EndGlobal
